Microsoft Visual Studio Solution File, Format Version 12.00
# Visual Studio Version 17
VisualStudioVersion = 17.0.31903.59
MinimumVisualStudioVersion = 10.0.40219.1
Project("{C41A7B93-2E58-4F0D-9A76-5D3E8B1C6240}") = "NekoClicker.Web", "NekoClicker.Web.csproj", "{7E3A9C41-5B82-4D6F-A1C3-8F2B6E0D4715}"
EndProject
Global
	GlobalSection(SolutionConfigurationPlatforms) = preSolution
		Debug|Any CPU = Debug|Any CPU
		Release|Any CPU = Release|Any CPU
	EndGlobalSection
	GlobalSection(SolutionProperties) = preSolution
		HideSolutionNode = FALSE
	EndGlobalSection
	GlobalSection(ProjectConfigurationPlatforms) = postSolution
		{7E3A9C41-5B82-4D6F-A1C3-8F2B6E0D4715}.Debug|Any CPU.ActiveCfg = Debug|Any CPU
		{7E3A9C41-5B82-4D6F-A1C3-8F2B6E0D4715}.Debug|Any CPU.Build.0 = Debug|Any CPU
		{7E3A9C41-5B82-4D6F-A1C3-8F2B6E0D4715}.Release|Any CPU.ActiveCfg = Release|Any CPU
		{7E3A9C41-5B82-4D6F-A1C3-8F2B6E0D4715}.Release|Any CPU.Build.0 = Release|Any CPU
	EndGlobalSection
EndGlobal